// !$*UTF8*$!
{
	archiveVersion = 1;
	classes = {
	};
	objectVersion = 46;
	objects = {

/* Begin PBXBuildFile section */
		72BA252EEB8DA78F2E123977 /* Pods_SellSnapUITests.framework in Frameworks */ = {isa = PBXBuildFile; fileRef = A6B26D915C91B994B87DAA79 /* Pods_SellSnapUITests.framework */; };
		9F233AAE1F3F9BF700545C86 /* B.mp4 in Resources */ = {isa = PBXBuildFile; fileRef = 9FF6D93F1F3F985A0011712D /* B.mp4 */; };
		9F591B571F405A4700F02C5C /* Assets.xcassets in Resources */ = {isa = PBXBuildFile; fileRef = 9F591B561F405A4700F02C5C /* Assets.xcassets */; };
		9F9955711F41BFB600B1F6E1 /* CardVC.swift in Sources */ = {isa = PBXBuildFile; fileRef = 9F9955701F41BFB600B1F6E1 /* CardVC.swift */; };
		9FB032BC1F3F8F1D00705010 /* AppDelegate.swift in Sources */ = {isa = PBXBuildFile; fileRef = 9FB032BB1F3F8F1D00705010 /* AppDelegate.swift */; };
		9FB032BE1F3F8F1D00705010 /* LoginVC.swift in Sources */ = {isa = PBXBuildFile; fileRef = 9FB032BD1F3F8F1D00705010 /* LoginVC.swift */; };
		9FB032C11F3F8F1D00705010 /* Main.storyboard in Resources */ = {isa = PBXBuildFile; fileRef = 9FB032BF1F3F8F1D00705010 /* Main.storyboard */; };
		9FB032C41F3F8F1D00705010 /* SellSnap.xcdatamodeld in Sources */ = {isa = PBXBuildFile; fileRef = 9FB032C21F3F8F1D00705010 /* SellSnap.xcdatamodeld */; };
		9FB032C91F3F8F1D00705010 /* LaunchScreen.storyboard in Resources */ = {isa = PBXBuildFile; fileRef = 9FB032C71F3F8F1D00705010 /* LaunchScreen.storyboard */; };
		9FB032D41F3F8F1D00705010 /* SellSnapTests.swift in Sources */ = {isa = PBXBuildFile; fileRef = 9FB032D31F3F8F1D00705010 /* SellSnapTests.swift */; };
		9FB032DF1F3F8F1D00705010 /* SellSnapUITests.swift in Sources */ = {isa = PBXBuildFile; fileRef = 9FB032DE1F3F8F1D00705010 /* SellSnapUITests.swift */; };
		9FD747851F40305A0088C45B /* MapVC.swift in Sources */ = {isa = PBXBuildFile; fileRef = 9FD747841F40305A0088C45B /* MapVC.swift */; };
		E410E823750942B3BC9C824C /* Pods_SellSnapTests.framework in Frameworks */ = {isa = PBXBuildFile; fileRef = 1ED3A9FCBDADEDA9CA4DA2CA /* Pods_SellSnapTests.framework */; };
		F44F31CE6441CBFF96F35E20 /* Pods_SellSnap.framework in Frameworks */ = {isa = PBXBuildFile; fileRef = ECC71EB9125F016CE9406081 /* Pods_SellSnap.framework */; };
/* End PBXBuildFile section */

/* Begin PBXContainerItemProxy section */
		9FB032D01F3F8F1D00705010 /* PBXContainerItemProxy */ = {
			isa = PBXContainerItemProxy;
			containerPortal = 9FB032B01F3F8F1D00705010 /* Project object */;
			proxyType = 1;
			remoteGlobalIDString = 9FB032B71F3F8F1D00705010;
			remoteInfo = SellSnap;
		};
		9FB032DB1F3F8F1D00705010 /* PBXContainerItemProxy */ = {
			isa = PBXContainerItemProxy;
			containerPortal = 9FB032B01F3F8F1D00705010 /* Project object */;
			proxyType = 1;
			remoteGlobalIDString = 9FB032B71F3F8F1D00705010;
			remoteInfo = SellSnap;
		};
/* End PBXContainerItemProxy section */

/* Begin PBXFileReference section */
		025CD574B4A115469123EDC4 /* Pods-SellSnap.release.xcconfig */ = {isa = PBXFileReference; includeInIndex = 1; lastKnownFileType = text.xcconfig; name = "Pods-SellSnap.release.xcconfig"; path = "Pods/Target Support Files/Pods-SellSnap/Pods-SellSnap.release.xcconfig"; sourceTree = "<group>"; };
		147B38CB996513883C62C20F /* Pods-SellSnapTests.debug.xcconfig */ = {isa = PBXFileReference; includeInIndex = 1; lastKnownFileType = text.xcconfig; name = "Pods-SellSnapTests.debug.xcconfig"; path = "Pods/Target Support Files/Pods-SellSnapTests/Pods-SellSnapTests.debug.xcconfig"; sourceTree = "<group>"; };
		1ED3A9FCBDADEDA9CA4DA2CA /* Pods_SellSnapTests.framework */ = {isa = PBXFileReference; explicitFileType = wrapper.framework; includeInIndex = 0; path = Pods_SellSnapTests.framework; sourceTree = BUILT_PRODUCTS_DIR; };
		6526ACDAAA3D8147EF42CAB6 /* Pods-SellSnap.debug.xcconfig */ = {isa = PBXFileReference; includeInIndex = 1; lastKnownFileType = text.xcconfig; name = "Pods-SellSnap.debug.xcconfig"; path = "Pods/Target Support Files/Pods-SellSnap/Pods-SellSnap.debug.xcconfig"; sourceTree = "<group>"; };
		913A2D866FE09F29F3E9104F /* Pods-SellSnapTests.release.xcconfig */ = {isa = PBXFileReference; includeInIndex = 1; lastKnownFileType = text.xcconfig; name = "Pods-SellSnapTests.release.xcconfig"; path = "Pods/Target Support Files/Pods-SellSnapTests/Pods-SellSnapTests.release.xcconfig"; sourceTree = "<group>"; };
		9F591B561F405A4700F02C5C /* Assets.xcassets */ = {isa = PBXFileReference; lastKnownFileType = folder.assetcatalog; path = Assets.xcassets; sourceTree = "<group>"; };
		9F9955701F41BFB600B1F6E1 /* CardVC.swift */ = {isa = PBXFileReference; fileEncoding = 4; lastKnownFileType = sourcecode.swift; path = CardVC.swift; sourceTree = "<group>"; };
		9FB032B81F3F8F1D00705010 /* SellSnap.app */ = {isa = PBXFileReference; explicitFileType = wrapper.application; includeInIndex = 0; path = SellSnap.app; sourceTree = BUILT_PRODUCTS_DIR; };
		9FB032BB1F3F8F1D00705010 /* AppDelegate.swift */ = {isa = PBXFileReference; lastKnownFileType = sourcecode.swift; path = AppDelegate.swift; sourceTree = "<group>"; };
		9FB032BD1F3F8F1D00705010 /* LoginVC.swift */ = {isa = PBXFileReference; lastKnownFileType = sourcecode.swift; path = LoginVC.swift; sourceTree = "<group>"; };
		9FB032C01F3F8F1D00705010 /* Base */ = {isa = PBXFileReference; lastKnownFileType = file.storyboard; name = Base; path = Base.lproj/Main.storyboard; sourceTree = "<group>"; };
		9FB032C31F3F8F1D00705010 /* SellSnap.xcdatamodel */ = {isa = PBXFileReference; lastKnownFileType = wrapper.xcdatamodel; path = SellSnap.xcdatamodel; sourceTree = "<group>"; };
		9FB032C81F3F8F1D00705010 /* Base */ = {isa = PBXFileReference; lastKnownFileType = file.storyboard; name = Base; path = Base.lproj/LaunchScreen.storyboard; sourceTree = "<group>"; };
		9FB032CA1F3F8F1D00705010 /* Info.plist */ = {isa = PBXFileReference; lastKnownFileType = text.plist.xml; path = Info.plist; sourceTree = "<group>"; };
		9FB032CF1F3F8F1D00705010 /* SellSnapTests.xctest */ = {isa = PBXFileReference; explicitFileType = wrapper.cfbundle; includeInIndex = 0; path = SellSnapTests.xctest; sourceTree = BUILT_PRODUCTS_DIR; };
		9FB032D31F3F8F1D00705010 /* SellSnapTests.swift */ = {isa = PBXFileReference; lastKnownFileType = sourcecode.swift; path = SellSnapTests.swift; sourceTree = "<group>"; };
		9FB032D51F3F8F1D00705010 /* Info.plist */ = {isa = PBXFileReference; lastKnownFileType = text.plist.xml; path = Info.plist; sourceTree = "<group>"; };
		9FB032DA1F3F8F1D00705010 /* SellSnapUITests.xctest */ = {isa = PBXFileReference; explicitFileType = wrapper.cfbundle; includeInIndex = 0; path = SellSnapUITests.xctest; sourceTree = BUILT_PRODUCTS_DIR; };
		9FB032DE1F3F8F1D00705010 /* SellSnapUITests.swift */ = {isa = PBXFileReference; lastKnownFileType = sourcecode.swift; path = SellSnapUITests.swift; sourceTree = "<group>"; };
		9FB032E01F3F8F1D00705010 /* Info.plist */ = {isa = PBXFileReference; lastKnownFileType = text.plist.xml; path = Info.plist; sourceTree = "<group>"; };
		9FD747841F40305A0088C45B /* MapVC.swift */ = {isa = PBXFileReference; fileEncoding = 4; lastKnownFileType = sourcecode.swift; path = MapVC.swift; sourceTree = "<group>"; };
		9FF6D93F1F3F985A0011712D /* B.mp4 */ = {isa = PBXFileReference; lastKnownFileType = file; path = B.mp4; sourceTree = "<group>"; };
		A6B26D915C91B994B87DAA79 /* Pods_SellSnapUITests.framework */ = {isa = PBXFileReference; explicitFileType = wrapper.framework; includeInIndex = 0; path = Pods_SellSnapUITests.framework; sourceTree = BUILT_PRODUCTS_DIR; };
		B8817DA4D6E5FFE41CA9803F /* Pods-SellSnapUITests.debug.xcconfig */ = {isa = PBXFileReference; includeInIndex = 1; lastKnownFileType = text.xcconfig; name = "Pods-SellSnapUITests.debug.xcconfig"; path = "Pods/Target Support Files/Pods-SellSnapUITests/Pods-SellSnapUITests.debug.xcconfig"; sourceTree = "<group>"; };
		E57DB2D3EAAC434C8B6511F8 /* Pods-SellSnapUITests.release.xcconfig */ = {isa = PBXFileReference; includeInIndex = 1; lastKnownFileType = text.xcconfig; name = "Pods-SellSnapUITests.release.xcconfig"; path = "Pods/Target Support Files/Pods-SellSnapUITests/Pods-SellSnapUITests.release.xcconfig"; sourceTree = "<group>"; };
		ECC71EB9125F016CE9406081 /* Pods_SellSnap.framework */ = {isa = PBXFileReference; explicitFileType = wrapper.framework; includeInIndex = 0; path = Pods_SellSnap.framework; sourceTree = BUILT_PRODUCTS_DIR; };
/* End PBXFileReference section */

/* Begin PBXFrameworksBuildPhase section */
		9FB032B51F3F8F1D00705010 /* Frameworks */ = {
			isa = PBXFrameworksBuildPhase;
			buildActionMask = 2147483647;
			files = (
				F44F31CE6441CBFF96F35E20 /* Pods_SellSnap.framework in Frameworks */,
			);
			runOnlyForDeploymentPostprocessing = 0;
		};
		9FB032CC1F3F8F1D00705010 /* Frameworks */ = {
			isa = PBXFrameworksBuildPhase;
			buildActionMask = 2147483647;
			files = (
				E410E823750942B3BC9C824C /* Pods_SellSnapTests.framework in Frameworks */,
			);
			runOnlyForDeploymentPostprocessing = 0;
		};
		9FB032D71F3F8F1D00705010 /* Frameworks */ = {
			isa = PBXFrameworksBuildPhase;
			buildActionMask = 2147483647;
			files = (
				72BA252EEB8DA78F2E123977 /* Pods_SellSnapUITests.framework in Frameworks */,
			);
			runOnlyForDeploymentPostprocessing = 0;
		};
/* End PBXFrameworksBuildPhase section */

/* Begin PBXGroup section */
		915CCFFEC01A4E0C382639E6 /* Frameworks */ = {
			isa = PBXGroup;
			children = (
				ECC71EB9125F016CE9406081 /* Pods_SellSnap.framework */,
				1ED3A9FCBDADEDA9CA4DA2CA /* Pods_SellSnapTests.framework */,
				A6B26D915C91B994B87DAA79 /* Pods_SellSnapUITests.framework */,
			);
			name = Frameworks;
			sourceTree = "<group>";
		};
		9FB032AF1F3F8F1D00705010 = {
			isa = PBXGroup;
			children = (
				9FB032BA1F3F8F1D00705010 /* SellSnap */,
				9FB032D21F3F8F1D00705010 /* SellSnapTests */,
				9FB032DD1F3F8F1D00705010 /* SellSnapUITests */,
				9FB032B91F3F8F1D00705010 /* Products */,
				ACD71890A3587C59D5345FE4 /* Pods */,
				915CCFFEC01A4E0C382639E6 /* Frameworks */,
			);
			sourceTree = "<group>";
		};
		9FB032B91F3F8F1D00705010 /* Products */ = {
			isa = PBXGroup;
			children = (
				9FB032B81F3F8F1D00705010 /* SellSnap.app */,
				9FB032CF1F3F8F1D00705010 /* SellSnapTests.xctest */,
				9FB032DA1F3F8F1D00705010 /* SellSnapUITests.xctest */,
			);
			name = Products;
			sourceTree = "<group>";
		};
		9FB032BA1F3F8F1D00705010 /* SellSnap */ = {
			isa = PBXGroup;
			children = (
				9F591B561F405A4700F02C5C /* Assets.xcassets */,
				9FF6D93F1F3F985A0011712D /* B.mp4 */,
				9FF6D93E1F3F97470011712D /* Helpers */,
				9FF6D93D1F3F97410011712D /* Stores */,
				9FF6D93C1F3F973A0011712D /* Controllers */,
				9FF6D93B1F3F97320011712D /* Views */,
				9FF6D93A1F3F972B0011712D /* Models */,
				9FB032BB1F3F8F1D00705010 /* AppDelegate.swift */,
				9FB032BF1F3F8F1D00705010 /* Main.storyboard */,
				9FB032C71F3F8F1D00705010 /* LaunchScreen.storyboard */,
				9FB032CA1F3F8F1D00705010 /* Info.plist */,
				9FB032C21F3F8F1D00705010 /* SellSnap.xcdatamodeld */,
			);
			path = SellSnap;
			sourceTree = "<group>";
		};
		9FB032D21F3F8F1D00705010 /* SellSnapTests */ = {
			isa = PBXGroup;
			children = (
				9FB032D31F3F8F1D00705010 /* SellSnapTests.swift */,
				9FB032D51F3F8F1D00705010 /* Info.plist */,
			);
			path = SellSnapTests;
			sourceTree = "<group>";
		};
		9FB032DD1F3F8F1D00705010 /* SellSnapUITests */ = {
			isa = PBXGroup;
			children = (
				9FB032DE1F3F8F1D00705010 /* SellSnapUITests.swift */,
				9FB032E01F3F8F1D00705010 /* Info.plist */,
			);
			path = SellSnapUITests;
			sourceTree = "<group>";
		};
		9FF6D93A1F3F972B0011712D /* Models */ = {
			isa = PBXGroup;
			children = (
			);
			name = Models;
			sourceTree = "<group>";
		};
		9FF6D93B1F3F97320011712D /* Views */ = {
			isa = PBXGroup;
			children = (
			);
			name = Views;
			sourceTree = "<group>";
		};
		9FF6D93C1F3F973A0011712D /* Controllers */ = {
			isa = PBXGroup;
			children = (
				9FB032BD1F3F8F1D00705010 /* LoginVC.swift */,
				9FD747841F40305A0088C45B /* MapVC.swift */,
				9F9955701F41BFB600B1F6E1 /* CardVC.swift */,
			);
			name = Controllers;
			sourceTree = "<group>";
		};
		9FF6D93D1F3F97410011712D /* Stores */ = {
			isa = PBXGroup;
			children = (
			);
			name = Stores;
			sourceTree = "<group>";
		};
		9FF6D93E1F3F97470011712D /* Helpers */ = {
			isa = PBXGroup;
			children = (
			);
			name = Helpers;
			sourceTree = "<group>";
		};
		ACD71890A3587C59D5345FE4 /* Pods */ = {
			isa = PBXGroup;
			children = (
				6526ACDAAA3D8147EF42CAB6 /* Pods-SellSnap.debug.xcconfig */,
				025CD574B4A115469123EDC4 /* Pods-SellSnap.release.xcconfig */,
				147B38CB996513883C62C20F /* Pods-SellSnapTests.debug.xcconfig */,
				913A2D866FE09F29F3E9104F /* Pods-SellSnapTests.release.xcconfig */,
				B8817DA4D6E5FFE41CA9803F /* Pods-SellSnapUITests.debug.xcconfig */,
				E57DB2D3EAAC434C8B6511F8 /* Pods-SellSnapUITests.release.xcconfig */,
			);
			name = Pods;
			sourceTree = "<group>";
		};
/* End PBXGroup section */

/* Begin PBXNativeTarget section */
		9FB032B71F3F8F1D00705010 /* SellSnap */ = {
			isa = PBXNativeTarget;
			buildConfigurationList = 9FB032E31F3F8F1D00705010 /* Build configuration list for PBXNativeTarget "SellSnap" */;
			buildPhases = (
				AF18461BAB87CAB6D3E9BB32 /* [CP] Check Pods Manifest.lock */,
				9FB032B41F3F8F1D00705010 /* Sources */,
				9FB032B51F3F8F1D00705010 /* Frameworks */,
				9FB032B61F3F8F1D00705010 /* Resources */,
				E2D1D9EA2607C441A46C2CE4 /* [CP] Embed Pods Frameworks */,
				D8164AC5F0560288E1F45D7C /* [CP] Copy Pods Resources */,
			);
			buildRules = (
			);
			dependencies = (
			);
			name = SellSnap;
			productName = SellSnap;
			productReference = 9FB032B81F3F8F1D00705010 /* SellSnap.app */;
			productType = "com.apple.product-type.application";
		};
		9FB032CE1F3F8F1D00705010 /* SellSnapTests */ = {
			isa = PBXNativeTarget;
			buildConfigurationList = 9FB032E61F3F8F1D00705010 /* Build configuration list for PBXNativeTarget "SellSnapTests" */;
			buildPhases = (
				36950D580ACD70B1F3C0A58E /* [CP] Check Pods Manifest.lock */,
				9FB032CB1F3F8F1D00705010 /* Sources */,
				9FB032CC1F3F8F1D00705010 /* Frameworks */,
				9FB032CD1F3F8F1D00705010 /* Resources */,
				9F7EABAFCCD3D33C6CAE5DF7 /* [CP] Embed Pods Frameworks */,
				708A7077EFF9840D8585CC55 /* [CP] Copy Pods Resources */,
			);
			buildRules = (
			);
			dependencies = (
				9FB032D11F3F8F1D00705010 /* PBXTargetDependency */,
			);
			name = SellSnapTests;
			productName = SellSnapTests;
			productReference = 9FB032CF1F3F8F1D00705010 /* SellSnapTests.xctest */;
			productType = "com.apple.product-type.bundle.unit-test";
		};
		9FB032D91F3F8F1D00705010 /* SellSnapUITests */ = {
			isa = PBXNativeTarget;
			buildConfigurationList = 9FB032E91F3F8F1D00705010 /* Build configuration list for PBXNativeTarget "SellSnapUITests" */;
			buildPhases = (
				6B72E29AB50BEEB090212864 /* [CP] Check Pods Manifest.lock */,
				9FB032D61F3F8F1D00705010 /* Sources */,
				9FB032D71F3F8F1D00705010 /* Frameworks */,
				9FB032D81F3F8F1D00705010 /* Resources */,
				E78203A2D6C49C910969F8FA /* [CP] Embed Pods Frameworks */,
				A4A958846A54AE044814526B /* [CP] Copy Pods Resources */,
			);
			buildRules = (
			);
			dependencies = (
				9FB032DC1F3F8F1D00705010 /* PBXTargetDependency */,
			);
			name = SellSnapUITests;
			productName = SellSnapUITests;
			productReference = 9FB032DA1F3F8F1D00705010 /* SellSnapUITests.xctest */;
			productType = "com.apple.product-type.bundle.ui-testing";
		};
/* End PBXNativeTarget section */

/* Begin PBXProject section */
		9FB032B01F3F8F1D00705010 /* Project object */ = {
			isa = PBXProject;
			attributes = {
				LastSwiftUpdateCheck = 0830;
				LastUpgradeCheck = 0830;
				ORGANIZATIONNAME = "Gurkan Yilmaz";
				TargetAttributes = {
					9FB032B71F3F8F1D00705010 = {
						CreatedOnToolsVersion = 8.3.2;
						DevelopmentTeam = JP8T8ZDVB3;
						ProvisioningStyle = Automatic;
					};
					9FB032CE1F3F8F1D00705010 = {
						CreatedOnToolsVersion = 8.3.2;
						DevelopmentTeam = JP8T8ZDVB3;
						ProvisioningStyle = Automatic;
						TestTargetID = 9FB032B71F3F8F1D00705010;
					};
					9FB032D91F3F8F1D00705010 = {
						CreatedOnToolsVersion = 8.3.2;
						DevelopmentTeam = JP8T8ZDVB3;
						ProvisioningStyle = Automatic;
						TestTargetID = 9FB032B71F3F8F1D00705010;
					};
				};
			};
			buildConfigurationList = 9FB032B31F3F8F1D00705010 /* Build configuration list for PBXProject "SellSnap" */;
			compatibilityVersion = "Xcode 3.2";
			developmentRegion = English;
			hasScannedForEncodings = 0;
			knownRegions = (
				en,
				Base,
			);
			mainGroup = 9FB032AF1F3F8F1D00705010;
			productRefGroup = 9FB032B91F3F8F1D00705010 /* Products */;
			projectDirPath = "";
			projectRoot = "";
			targets = (
				9FB032B71F3F8F1D00705010 /* SellSnap */,
				9FB032CE1F3F8F1D00705010 /* SellSnapTests */,
				9FB032D91F3F8F1D00705010 /* SellSnapUITests */,
			);
		};
/* End PBXProject section */

/* Begin PBXResourcesBuildPhase section */
		9FB032B61F3F8F1D00705010 /* Resources */ = {
			isa = PBXResourcesBuildPhase;
			buildActionMask = 2147483647;
			files = (
				9F233AAE1F3F9BF700545C86 /* B.mp4 in Resources */,
				9FB032C91F3F8F1D00705010 /* LaunchScreen.storyboard in Resources */,
				9FB032C11F3F8F1D00705010 /* Main.storyboard in Resources */,
				9F591B571F405A4700F02C5C /* Assets.xcassets in Resources */,
			);
			runOnlyForDeploymentPostprocessing = 0;
		};
		9FB032CD1F3F8F1D00705010 /* Resources */ = {
			isa = PBXResourcesBuildPhase;
			buildActionMask = 2147483647;
			files = (
			);
			runOnlyForDeploymentPostprocessing = 0;
		};
		9FB032D81F3F8F1D00705010 /* Resources */ = {
			isa = PBXResourcesBuildPhase;
			buildActionMask = 2147483647;
			files = (
			);
			runOnlyForDeploymentPostprocessing = 0;
		};
/* End PBXResourcesBuildPhase section */

/* Begin PBXShellScriptBuildPhase section */
		36950D580ACD70B1F3C0A58E /* [CP] Check Pods Manifest.lock */ = {
			isa = PBXShellScriptBuildPhase;
			buildActionMask = 2147483647;
			files = (
			);
			inputPaths = (
			);
			name = "[CP] Check Pods Manifest.lock";
			outputPaths = (
			);
			runOnlyForDeploymentPostprocessing = 0;
			shellPath = /bin/sh;
			shellScript = "diff \"${PODS_ROOT}/../Podfile.lock\" \"${PODS_ROOT}/Manifest.lock\" > /dev/null\nif [ $? != 0 ] ; then\n    # print error to STDERR\n    echo \"error: The sandbox is not in sync with the Podfile.lock. Run 'pod install' or update your CocoaPods installation.\" >&2\n    exit 1\nfi\n";
			showEnvVarsInLog = 0;
		};
		6B72E29AB50BEEB090212864 /* [CP] Check Pods Manifest.lock */ = {
			isa = PBXShellScriptBuildPhase;
			buildActionMask = 2147483647;
			files = (
			);
			inputPaths = (
			);
			name = "[CP] Check Pods Manifest.lock";
			outputPaths = (
			);
			runOnlyForDeploymentPostprocessing = 0;
			shellPath = /bin/sh;
			shellScript = "diff \"${PODS_ROOT}/../Podfile.lock\" \"${PODS_ROOT}/Manifest.lock\" > /dev/null\nif [ $? != 0 ] ; then\n    # print error to STDERR\n    echo \"error: The sandbox is not in sync with the Podfile.lock. Run 'pod install' or update your CocoaPods installation.\" >&2\n    exit 1\nfi\n";
			showEnvVarsInLog = 0;
		};
		708A7077EFF9840D8585CC55 /* [CP] Copy Pods Resources */ = {
			isa = PBXShellScriptBuildPhase;
			buildActionMask = 2147483647;
			files = (
			);
			inputPaths = (
			);
			name = "[CP] Copy Pods Resources";
			outputPaths = (
			);
			runOnlyForDeploymentPostprocessing = 0;
			shellPath = /bin/sh;
			shellScript = "\"${SRCROOT}/Pods/Target Support Files/Pods-SellSnapTests/Pods-SellSnapTests-resources.sh\"\n";
			showEnvVarsInLog = 0;
		};
		9F7EABAFCCD3D33C6CAE5DF7 /* [CP] Embed Pods Frameworks */ = {
			isa = PBXShellScriptBuildPhase;
			buildActionMask = 2147483647;
			files = (
			);
			inputPaths = (
			);
			name = "[CP] Embed Pods Frameworks";
			outputPaths = (
			);
			runOnlyForDeploymentPostprocessing = 0;
			shellPath = /bin/sh;
			shellScript = "\"${SRCROOT}/Pods/Target Support Files/Pods-SellSnapTests/Pods-SellSnapTests-frameworks.sh\"\n";
			showEnvVarsInLog = 0;
		};
		A4A958846A54AE044814526B /* [CP] Copy Pods Resources */ = {
			isa = PBXShellScriptBuildPhase;
			buildActionMask = 2147483647;
			files = (
			);
			inputPaths = (
			);
			name = "[CP] Copy Pods Resources";
			outputPaths = (
			);
			runOnlyForDeploymentPostprocessing = 0;
			shellPath = /bin/sh;
			shellScript = "\"${SRCROOT}/Pods/Target Support Files/Pods-SellSnapUITests/Pods-SellSnapUITests-resources.sh\"\n";
			showEnvVarsInLog = 0;
		};
		AF18461BAB87CAB6D3E9BB32 /* [CP] Check Pods Manifest.lock */ = {
			isa = PBXShellScriptBuildPhase;
			buildActionMask = 2147483647;
			files = (
			);
			inputPaths = (
			);
			name = "[CP] Check Pods Manifest.lock";
			outputPaths = (
			);
			runOnlyForDeploymentPostprocessing = 0;
			shellPath = /bin/sh;
			shellScript = "diff \"${PODS_ROOT}/../Podfile.lock\" \"${PODS_ROOT}/Manifest.lock\" > /dev/null\nif [ $? != 0 ] ; then\n    # print error to STDERR\n    echo \"error: The sandbox is not in sync with the Podfile.lock. Run 'pod install' or update your CocoaPods installation.\" >&2\n    exit 1\nfi\n";
			showEnvVarsInLog = 0;
		};
		D8164AC5F0560288E1F45D7C /* [CP] Copy Pods Resources */ = {
			isa = PBXShellScriptBuildPhase;
			buildActionMask = 2147483647;
			files = (
			);
			inputPaths = (
			);
			name = "[CP] Copy Pods Resources";
			outputPaths = (
			);
			runOnlyForDeploymentPostprocessing = 0;
			shellPath = /bin/sh;
			shellScript = "\"${SRCROOT}/Pods/Target Support Files/Pods-SellSnap/Pods-SellSnap-resources.sh\"\n";
			showEnvVarsInLog = 0;
		};
		E2D1D9EA2607C441A46C2CE4 /* [CP] Embed Pods Frameworks */ = {
			isa = PBXShellScriptBuildPhase;
			buildActionMask = 2147483647;
			files = (
			);
			inputPaths = (
			);
			name = "[CP] Embed Pods Frameworks";
			outputPaths = (
			);
			runOnlyForDeploymentPostprocessing = 0;
			shellPath = /bin/sh;
			shellScript = "\"${SRCROOT}/Pods/Target Support Files/Pods-SellSnap/Pods-SellSnap-frameworks.sh\"\n";
			showEnvVarsInLog = 0;
		};
		E78203A2D6C49C910969F8FA /* [CP] Embed Pods Frameworks */ = {
			isa = PBXShellScriptBuildPhase;
			buildActionMask = 2147483647;
			files = (
			);
			inputPaths = (
			);
			name = "[CP] Embed Pods Frameworks";
			outputPaths = (
			);
			runOnlyForDeploymentPostprocessing = 0;
			shellPath = /bin/sh;
			shellScript = "\"${SRCROOT}/Pods/Target Support Files/Pods-SellSnapUITests/Pods-SellSnapUITests-frameworks.sh\"\n";
			showEnvVarsInLog = 0;
		};
/* End PBXShellScriptBuildPhase section */

/* Begin PBXSourcesBuildPhase section */
		9FB032B41F3F8F1D00705010 /* Sources */ = {
			isa = PBXSourcesBuildPhase;
			buildActionMask = 2147483647;
			files = (
				9FB032BE1F3F8F1D00705010 /* LoginVC.swift in Sources */,
				9FD747851F40305A0088C45B /* MapVC.swift in Sources */,
				9FB032C41F3F8F1D00705010 /* SellSnap.xcdatamodeld in Sources */,
				9FB032BC1F3F8F1D00705010 /* AppDelegate.swift in Sources */,
				9F9955711F41BFB600B1F6E1 /* CardVC.swift in Sources */,
			);
			runOnlyForDeploymentPostprocessing = 0;
		};
		9FB032CB1F3F8F1D00705010 /* Sources */ = {
			isa = PBXSourcesBuildPhase;
			buildActionMask = 2147483647;
			files = (
				9FB032D41F3F8F1D00705010 /* SellSnapTests.swift in Sources */,
			);
			runOnlyForDeploymentPostprocessing = 0;
		};
		9FB032D61F3F8F1D00705010 /* Sources */ = {
			isa = PBXSourcesBuildPhase;
			buildActionMask = 2147483647;
			files = (
				9FB032DF1F3F8F1D00705010 /* SellSnapUITests.swift in Sources */,
			);
			runOnlyForDeploymentPostprocessing = 0;
		};
/* End PBXSourcesBuildPhase section */

/* Begin PBXTargetDependency section */
		9FB032D11F3F8F1D00705010 /* PBXTargetDependency */ = {
			isa = PBXTargetDependency;
			target = 9FB032B71F3F8F1D00705010 /* SellSnap */;
			targetProxy = 9FB032D01F3F8F1D00705010 /* PBXContainerItemProxy */;
		};
		9FB032DC1F3F8F1D00705010 /* PBXTargetDependency */ = {
			isa = PBXTargetDependency;
			target = 9FB032B71F3F8F1D00705010 /* SellSnap */;
			targetProxy = 9FB032DB1F3F8F1D00705010 /* PBXContainerItemProxy */;
		};
/* End PBXTargetDependency section */

/* Begin PBXVariantGroup section */
		9FB032BF1F3F8F1D00705010 /* Main.storyboard */ = {
			isa = PBXVariantGroup;
			children = (
				9FB032C01F3F8F1D00705010 /* Base */,
			);
			name = Main.storyboard;
			sourceTree = "<group>";
		};
		9FB032C71F3F8F1D00705010 /* LaunchScreen.storyboard */ = {
			isa = PBXVariantGroup;
			children = (
				9FB032C81F3F8F1D00705010 /* Base */,
			);
			name = LaunchScreen.storyboard;
			sourceTree = "<group>";
		};
/* End PBXVariantGroup section */

/* Begin XCBuildConfiguration section */
		9FB032E11F3F8F1D00705010 /* Debug */ = {
			isa = XCBuildConfiguration;
			buildSettings = {
				ALWAYS_SEARCH_USER_PATHS = NO;
				CLANG_ANALYZER_NONNULL = YES;
				CLANG_ANALYZER_NUMBER_OBJECT_CONVERSION = YES_AGGRESSIVE;
				CLANG_CXX_LANGUAGE_STANDARD = "gnu++0x";
				CLANG_CXX_LIBRARY = "libc++";
				CLANG_ENABLE_MODULES = YES;
				CLANG_ENABLE_OBJC_ARC = YES;
				CLANG_WARN_BOOL_CONVERSION = YES;
				CLANG_WARN_CONSTANT_CONVERSION = YES;
				CLANG_WARN_DIRECT_OBJC_ISA_USAGE = YES_ERROR;
				CLANG_WARN_DOCUMENTATION_COMMENTS = YES;
				CLANG_WARN_EMPTY_BODY = YES;
				CLANG_WARN_ENUM_CONVERSION = YES;
				CLANG_WARN_INFINITE_RECURSION = YES;
				CLANG_WARN_INT_CONVERSION = YES;
				CLANG_WARN_OBJC_ROOT_CLASS = YES_ERROR;
				CLANG_WARN_SUSPICIOUS_MOVE = YES;
				CLANG_WARN_UNREACHABLE_CODE = YES;
				CLANG_WARN__DUPLICATE_METHOD_MATCH = YES;
				"CODE_SIGN_IDENTITY[sdk=iphoneos*]" = "iPhone Developer";
				COPY_PHASE_STRIP = NO;
				DEBUG_INFORMATION_FORMAT = dwarf;
				ENABLE_STRICT_OBJC_MSGSEND = YES;
				ENABLE_TESTABILITY = YES;
				GCC_C_LANGUAGE_STANDARD = gnu99;
				GCC_DYNAMIC_NO_PIC = NO;
				GCC_NO_COMMON_BLOCKS = YES;
				GCC_OPTIMIZATION_LEVEL = 0;
				GCC_PREPROCESSOR_DEFINITIONS = (
					"DEBUG=1",
					"$(inherited)",
				);
				GCC_WARN_64_TO_32_BIT_CONVERSION = YES;
				GCC_WARN_ABOUT_RETURN_TYPE = YES_ERROR;
				GCC_WARN_UNDECLARED_SELECTOR = YES;
				GCC_WARN_UNINITIALIZED_AUTOS = YES_AGGRESSIVE;
				GCC_WARN_UNUSED_FUNCTION = YES;
				GCC_WARN_UNUSED_VARIABLE = YES;
				IPHONEOS_DEPLOYMENT_TARGET = 10.0;
				MTL_ENABLE_DEBUG_INFO = YES;
				ONLY_ACTIVE_ARCH = YES;
				SDKROOT = iphoneos;
				SWIFT_ACTIVE_COMPILATION_CONDITIONS = DEBUG;
				SWIFT_OPTIMIZATION_LEVEL = "-Onone";
				TARGETED_DEVICE_FAMILY = "1,2";
			};
			name = Debug;
		};
		9FB032E21F3F8F1D00705010 /* Release */ = {
			isa = XCBuildConfiguration;
			buildSettings = {
				ALWAYS_SEARCH_USER_PATHS = NO;
				CLANG_ANALYZER_NONNULL = YES;
				CLANG_ANALYZER_NUMBER_OBJECT_CONVERSION = YES_AGGRESSIVE;
				CLANG_CXX_LANGUAGE_STANDARD = "gnu++0x";
				CLANG_CXX_LIBRARY = "libc++";
				CLANG_ENABLE_MODULES = YES;
				CLANG_ENABLE_OBJC_ARC = YES;
				CLANG_WARN_BOOL_CONVERSION = YES;
				CLANG_WARN_CONSTANT_CONVERSION = YES;
				CLANG_WARN_DIRECT_OBJC_ISA_USAGE = YES_ERROR;
				CLANG_WARN_DOCUMENTATION_COMMENTS = YES;
				CLANG_WARN_EMPTY_BODY = YES;
				CLANG_WARN_ENUM_CONVERSION = YES;
				CLANG_WARN_INFINITE_RECURSION = YES;
				CLANG_WARN_INT_CONVERSION = YES;
				CLANG_WARN_OBJC_ROOT_CLASS = YES_ERROR;
				CLANG_WARN_SUSPICIOUS_MOVE = YES;
				CLANG_WARN_UNREACHABLE_CODE = YES;
				CLANG_WARN__DUPLICATE_METHOD_MATCH = YES;
				"CODE_SIGN_IDENTITY[sdk=iphoneos*]" = "iPhone Developer";
				COPY_PHASE_STRIP = NO;
				DEBUG_INFORMATION_FORMAT = "dwarf-with-dsym";
				ENABLE_NS_ASSERTIONS = NO;
				ENABLE_STRICT_OBJC_MSGSEND = YES;
				GCC_C_LANGUAGE_STANDARD = gnu99;
				GCC_NO_COMMON_BLOCKS = YES;
				GCC_WARN_64_TO_32_BIT_CONVERSION = YES;
				GCC_WARN_ABOUT_RETURN_TYPE = YES_ERROR;
				GCC_WARN_UNDECLARED_SELECTOR = YES;
				GCC_WARN_UNINITIALIZED_AUTOS = YES_AGGRESSIVE;
				GCC_WARN_UNUSED_FUNCTION = YES;
				GCC_WARN_UNUSED_VARIABLE = YES;
				IPHONEOS_DEPLOYMENT_TARGET = 10.0;
				MTL_ENABLE_DEBUG_INFO = NO;
				SDKROOT = iphoneos;
				SWIFT_OPTIMIZATION_LEVEL = "-Owholemodule";
				TARGETED_DEVICE_FAMILY = "1,2";
				VALIDATE_PRODUCT = YES;
			};
			name = Release;
		};
		9FB032E41F3F8F1D00705010 /* Debug */ = {
			isa = XCBuildConfiguration;
			baseConfigurationReference = 6526ACDAAA3D8147EF42CAB6 /* Pods-SellSnap.debug.xcconfig */;
			buildSettings = {
				ALWAYS_EMBED_SWIFT_STANDARD_LIBRARIES = YES;
				ASSETCATALOG_COMPILER_APPICON_NAME = AppIcon;
				DEVELOPMENT_TEAM = JP8T8ZDVB3;
				INFOPLIST_FILE = SellSnap/Info.plist;
				IPHONEOS_DEPLOYMENT_TARGET = 10.0;
				LD_RUNPATH_SEARCH_PATHS = "$(inherited) @executable_path/Frameworks";
				PRODUCT_BUNDLE_IDENTIFIER = ems.works.SellSnap;
				PRODUCT_NAME = "$(TARGET_NAME)";
				SWIFT_VERSION = 3.0;
			};
			name = Debug;
		};
		9FB032E51F3F8F1D00705010 /* Release */ = {
			isa = XCBuildConfiguration;
			baseConfigurationReference = 025CD574B4A115469123EDC4 /* Pods-SellSnap.release.xcconfig */;
			buildSettings = {
				ALWAYS_EMBED_SWIFT_STANDARD_LIBRARIES = YES;
				ASSETCATALOG_COMPILER_APPICON_NAME = AppIcon;
				DEVELOPMENT_TEAM = JP8T8ZDVB3;
				INFOPLIST_FILE = SellSnap/Info.plist;
				IPHONEOS_DEPLOYMENT_TARGET = 10.0;
				LD_RUNPATH_SEARCH_PATHS = "$(inherited) @executable_path/Frameworks";
				PRODUCT_BUNDLE_IDENTIFIER = ems.works.SellSnap;
				PRODUCT_NAME = "$(TARGET_NAME)";
				SWIFT_VERSION = 3.0;
			};
			name = Release;
		};
		9FB032E71F3F8F1D00705010 /* Debug */ = {
			isa = XCBuildConfiguration;
			baseConfigurationReference = 147B38CB996513883C62C20F /* Pods-SellSnapTests.debug.xcconfig */;
			buildSettings = {
				ALWAYS_EMBED_SWIFT_STANDARD_LIBRARIES = YES;
				BUNDLE_LOADER = "$(TEST_HOST)";
				DEVELOPMENT_TEAM = JP8T8ZDVB3;
				INFOPLIST_FILE = SellSnapTests/Info.plist;
				LD_RUNPATH_SEARCH_PATHS = "$(inherited) @executable_path/Frameworks @loader_path/Frameworks";
				PRODUCT_BUNDLE_IDENTIFIER = ems.works.SellSnapTests;
				PRODUCT_NAME = "$(TARGET_NAME)";
				SWIFT_VERSION = 3.0;
				TEST_HOST = "$(BUILT_PRODUCTS_DIR)/SellSnap.app/SellSnap";
			};
			name = Debug;
		};
		9FB032E81F3F8F1D00705010 /* Release */ = {
			isa = XCBuildConfiguration;
			baseConfigurationReference = 913A2D866FE09F29F3E9104F /* Pods-SellSnapTests.release.xcconfig */;
			buildSettings = {
				ALWAYS_EMBED_SWIFT_STANDARD_LIBRARIES = YES;
				BUNDLE_LOADER = "$(TEST_HOST)";
				DEVELOPMENT_TEAM = JP8T8ZDVB3;
				INFOPLIST_FILE = SellSnapTests/Info.plist;
				LD_RUNPATH_SEARCH_PATHS = "$(inherited) @executable_path/Frameworks @loader_path/Frameworks";
				PRODUCT_BUNDLE_IDENTIFIER = ems.works.SellSnapTests;
				PRODUCT_NAME = "$(TARGET_NAME)";
				SWIFT_VERSION = 3.0;
				TEST_HOST = "$(BUILT_PRODUCTS_DIR)/SellSnap.app/SellSnap";
			};
			name = Release;
		};
		9FB032EA1F3F8F1D00705010 /* Debug */ = {
			isa = XCBuildConfiguration;
			baseConfigurationReference = B8817DA4D6E5FFE41CA9803F /* Pods-SellSnapUITests.debug.xcconfig */;
			buildSettings = {
				ALWAYS_EMBED_SWIFT_STANDARD_LIBRARIES = YES;
				DEVELOPMENT_TEAM = JP8T8ZDVB3;
				INFOPLIST_FILE = SellSnapUITests/Info.plist;
				LD_RUNPATH_SEARCH_PATHS = "$(inherited) @executable_path/Frameworks @loader_path/Frameworks";
				PRODUCT_BUNDLE_IDENTIFIER = ems.works.SellSnapUITests;
				PRODUCT_NAME = "$(TARGET_NAME)";
				SWIFT_VERSION = 3.0;
				TEST_TARGET_NAME = SellSnap;
			};
			name = Debug;
		};
		9FB032EB1F3F8F1D00705010 /* Release */ = {
			isa = XCBuildConfiguration;
			baseConfigurationReference = E57DB2D3EAAC434C8B6511F8 /* Pods-SellSnapUITests.release.xcconfig */;
			buildSettings = {
				ALWAYS_EMBED_SWIFT_STANDARD_LIBRARIES = YES;
				DEVELOPMENT_TEAM = JP8T8ZDVB3;
				INFOPLIST_FILE = SellSnapUITests/Info.plist;
				LD_RUNPATH_SEARCH_PATHS = "$(inherited) @executable_path/Frameworks @loader_path/Frameworks";
				PRODUCT_BUNDLE_IDENTIFIER = ems.works.SellSnapUITests;
				PRODUCT_NAME = "$(TARGET_NAME)";
				SWIFT_VERSION = 3.0;
				TEST_TARGET_NAME = SellSnap;
			};
			name = Release;
		};
/* End XCBuildConfiguration section */

/* Begin XCConfigurationList section */
		9FB032B31F3F8F1D00705010 /* Build configuration list for PBXProject "SellSnap" */ = {
			isa = XCConfigurationList;
			buildConfigurations = (
				9FB032E11F3F8F1D00705010 /* Debug */,
				9FB032E21F3F8F1D00705010 /* Release */,
			);
			defaultConfigurationIsVisible = 0;
			defaultConfigurationName = Release;
		};
		9FB032E31F3F8F1D00705010 /* Build configuration list for PBXNativeTarget "SellSnap" */ = {
			isa = XCConfigurationList;
			buildConfigurations = (
				9FB032E41F3F8F1D00705010 /* Debug */,
				9FB032E51F3F8F1D00705010 /* Release */,
			);
			defaultConfigurationIsVisible = 0;
			defaultConfigurationName = Release;
		};
		9FB032E61F3F8F1D00705010 /* Build configuration list for PBXNativeTarget "SellSnapTests" */ = {
			isa = XCConfigurationList;
			buildConfigurations = (
				9FB032E71F3F8F1D00705010 /* Debug */,
				9FB032E81F3F8F1D00705010 /* Release */,
			);
			defaultConfigurationIsVisible = 0;
			defaultConfigurationName = Release;
		};
		9FB032E91F3F8F1D00705010 /* Build configuration list for PBXNativeTarget "SellSnapUITests" */ = {
			isa = XCConfigurationList;
			buildConfigurations = (
				9FB032EA1F3F8F1D00705010 /* Debug */,
				9FB032EB1F3F8F1D00705010 /* Release */,
			);
			defaultConfigurationIsVisible = 0;
			defaultConfigurationName = Release;
		};
/* End XCConfigurationList section */

/* Begin XCVersionGroup section */
		9FB032C21F3F8F1D00705010 /* SellSnap.xcdatamodeld */ = {
			isa = XCVersionGroup;
			children = (
				9FB032C31F3F8F1D00705010 /* SellSnap.xcdatamodel */,
			);
			currentVersion = 9FB032C31F3F8F1D00705010 /* SellSnap.xcdatamodel */;
			path = SellSnap.xcdatamodeld;
			sourceTree = "<group>";
			versionGroupType = wrapper.xcdatamodel;
		};
/* End XCVersionGroup section */
	};
	rootObject = 9FB032B01F3F8F1D00705010 /* Project object */;
}
